// !$*UTF8*$!
{
	archiveVersion = 1;
	classes = {
	};
	objectVersion = 55;
	objects = {

/* Begin PBXBuildFile section */
		1FA48FAC2B0CCFCE00AA0169 /* AppDelegate.swift in Sources */ = {isa = PBXBuildFile; fileRef = 1FA48FAB2B0CCFCE00AA0169 /* AppDelegate.swift */; };
		1FA48FAE2B0CCFCE00AA0169 /* SceneDelegate.swift in Sources */ = {isa = PBXBuildFile; fileRef = 1FA48FAD2B0CCFCE00AA0169 /* SceneDelegate.swift */; };
		1FA48FB02B0CCFCE00AA0169 /* ViewController.swift in Sources */ = {isa = PBXBuildFile; fileRef = 1FA48FAF2B0CCFCE00AA0169 /* ViewController.swift */; };
		1FA48FB32B0CCFCE00AA0169 /* Main.storyboard in Resources */ = {isa = PBXBuildFile; fileRef = 1FA48FB12B0CCFCE00AA0169 /* Main.storyboard */; };
		1FA48FB52B0CCFD000AA0169 /* Assets.xcassets in Resources */ = {isa = PBXBuildFile; fileRef = 1FA48FB42B0CCFD000AA0169 /* Assets.xcassets */; };
		1FA48FB82B0CCFD000AA0169 /* LaunchScreen.storyboard in Resources */ = {isa = PBXBuildFile; fileRef = 1FA48FB62B0CCFD000AA0169 /* LaunchScreen.storyboard */; };
		1FA48FC32B0CCFD000AA0169 /* DeleteImageCollectionsiOSTests.swift in Sources */ = {isa = PBXBuildFile; fileRef = 1FA48FC22B0CCFD000AA0169 /* DeleteImageCollectionsiOSTests.swift */; };
		1FA48FCD2B0CCFD000AA0169 /* DeleteImageCollectionsiOSUITests.swift in Sources */ = {isa = PBXBuildFile; fileRef = 1FA48FCC2B0CCFD000AA0169 /* DeleteImageCollectionsiOSUITests.swift */; };
		1FA48FCF2B0CCFD000AA0169 /* DeleteImageCollectionsiOSUITestsLaunchTests.swift in Sources */ = {isa = PBXBuildFile; fileRef = 1FA48FCE2B0CCFD000AA0169 /* DeleteImageCollectionsiOSUITestsLaunchTests.swift */; };
		1FA48FDF2B0CD0F900AA0169 /* ImageModel.swift in Sources */ = {isa = PBXBuildFile; fileRef = 1FA48FDE2B0CD0F900AA0169 /* ImageModel.swift */; };
		1FA48FE12B0CD1A600AA0169 /* ImagesDataResourses.swift in Sources */ = {isa = PBXBuildFile; fileRef = 1FA48FE02B0CD1A600AA0169 /* ImagesDataResourses.swift */; };
		1FA48FE42B0CD3D600AA0169 /* ImageCollectionViewCell.swift in Sources */ = {isa = PBXBuildFile; fileRef = 1FA48FE32B0CD3D600AA0169 /* ImageCollectionViewCell.swift */; };
		1FA48FE72B0CD6D800AA0169 /* DeleteImageProtocol.swift in Sources */ = {isa = PBXBuildFile; fileRef = 1FA48FE62B0CD6D800AA0169 /* DeleteImageProtocol.swift */; };
/* End PBXBuildFile section */

/* Begin PBXContainerItemProxy section */
		1FA48FBF2B0CCFD000AA0169 /* PBXContainerItemProxy */ = {
			isa = PBXContainerItemProxy;
			containerPortal = 1FA48FA02B0CCFCE00AA0169 /* Project object */;
			proxyType = 1;
			remoteGlobalIDString = 1FA48FA72B0CCFCE00AA0169;
			remoteInfo = DeleteImageCollectionsiOS;
		};
		1FA48FC92B0CCFD000AA0169 /* PBXContainerItemProxy */ = {
			isa = PBXContainerItemProxy;
			containerPortal = 1FA48FA02B0CCFCE00AA0169 /* Project object */;
			proxyType = 1;
			remoteGlobalIDString = 1FA48FA72B0CCFCE00AA0169;
			remoteInfo = DeleteImageCollectionsiOS;
		};
/* End PBXContainerItemProxy section */

/* Begin PBXFileReference section */
		1FA48FA82B0CCFCE00AA0169 /* DeleteImageCollectionsiOS.app */ = {isa = PBXFileReference; explicitFileType = wrapper.application; includeInIndex = 0; path = DeleteImageCollectionsiOS.app; sourceTree = BUILT_PRODUCTS_DIR; };
		1FA48FAB2B0CCFCE00AA0169 /* AppDelegate.swift */ = {isa = PBXFileReference; lastKnownFileType = sourcecode.swift; path = AppDelegate.swift; sourceTree = "<group>"; };
		1FA48FAD2B0CCFCE00AA0169 /* SceneDelegate.swift */ = {isa = PBXFileReference; lastKnownFileType = sourcecode.swift; path = SceneDelegate.swift; sourceTree = "<group>"; };
		1FA48FAF2B0CCFCE00AA0169 /* ViewController.swift */ = {isa = PBXFileReference; lastKnownFileType = sourcecode.swift; path = ViewController.swift; sourceTree = "<group>"; };
		1FA48FB22B0CCFCE00AA0169 /* Base */ = {isa = PBXFileReference; lastKnownFileType = file.storyboard; name = Base; path = Base.lproj/Main.storyboard; sourceTree = "<group>"; };
		1FA48FB42B0CCFD000AA0169 /* Assets.xcassets */ = {isa = PBXFileReference; lastKnownFileType = folder.assetcatalog; path = Assets.xcassets; sourceTree = "<group>"; };
		1FA48FB72B0CCFD000AA0169 /* Base */ = {isa = PBXFileReference; lastKnownFileType = file.storyboard; name = Base; path = Base.lproj/LaunchScreen.storyboard; sourceTree = "<group>"; };
		1FA48FB92B0CCFD000AA0169 /* Info.plist */ = {isa = PBXFileReference; lastKnownFileType = text.plist.xml; path = Info.plist; sourceTree = "<group>"; };
		1FA48FBE2B0CCFD000AA0169 /* DeleteImageCollectionsiOSTests.xctest */ = {isa = PBXFileReference; explicitFileType = wrapper.cfbundle; includeInIndex = 0; path = DeleteImageCollectionsiOSTests.xctest; sourceTree = BUILT_PRODUCTS_DIR; };
		1FA48FC22B0CCFD000AA0169 /* DeleteImageCollectionsiOSTests.swift */ = {isa = PBXFileReference; lastKnownFileType = sourcecode.swift; path = DeleteImageCollectionsiOSTests.swift; sourceTree = "<group>"; };
		1FA48FC82B0CCFD000AA0169 /* DeleteImageCollectionsiOSUITests.xctest */ = {isa = PBXFileReference; explicitFileType = wrapper.cfbundle; includeInIndex = 0; path = DeleteImageCollectionsiOSUITests.xctest; sourceTree = BUILT_PRODUCTS_DIR; };
		1FA48FCC2B0CCFD000AA0169 /* DeleteImageCollectionsiOSUITests.swift */ = {isa = PBXFileReference; lastKnownFileType = sourcecode.swift; path = DeleteImageCollectionsiOSUITests.swift; sourceTree = "<group>"; };
		1FA48FCE2B0CCFD000AA0169 /* DeleteImageCollectionsiOSUITestsLaunchTests.swift */ = {isa = PBXFileReference; lastKnownFileType = sourcecode.swift; path = DeleteImageCollectionsiOSUITestsLaunchTests.swift; sourceTree = "<group>"; };
		1FA48FDE2B0CD0F900AA0169 /* ImageModel.swift */ = {isa = PBXFileReference; lastKnownFileType = sourcecode.swift; path = ImageModel.swift; sourceTree = "<group>"; };
		1FA48FE02B0CD1A600AA0169 /* ImagesDataResourses.swift */ = {isa = PBXFileReference; lastKnownFileType = sourcecode.swift; path = ImagesDataResourses.swift; sourceTree = "<group>"; };
		1FA48FE32B0CD3D600AA0169 /* ImageCollectionViewCell.swift */ = {isa = PBXFileReference; lastKnownFileType = sourcecode.swift; path = ImageCollectionViewCell.swift; sourceTree = "<group>"; };
		1FA48FE62B0CD6D800AA0169 /* DeleteImageProtocol.swift */ = {isa = PBXFileReference; lastKnownFileType = sourcecode.swift; path = DeleteImageProtocol.swift; sourceTree = "<group>"; };
/* End PBXFileReference section */

/* Begin PBXFrameworksBuildPhase section */
		1FA48FA52B0CCFCE00AA0169 /* Frameworks */ = {
			isa = PBXFrameworksBuildPhase;
			buildActionMask = 2147483647;
			files = (
			);
			runOnlyForDeploymentPostprocessing = 0;
		};
		1FA48FBB2B0CCFD000AA0169 /* Frameworks */ = {
			isa = PBXFrameworksBuildPhase;
			buildActionMask = 2147483647;
			files = (
			);
			runOnlyForDeploymentPostprocessing = 0;
		};
		1FA48FC52B0CCFD000AA0169 /* Frameworks */ = {
			isa = PBXFrameworksBuildPhase;
			buildActionMask = 2147483647;
			files = (
			);
			runOnlyForDeploymentPostprocessing = 0;
		};
/* End PBXFrameworksBuildPhase section */

/* Begin PBXGroup section */
		1FA48F9F2B0CCFCE00AA0169 = {
			isa = PBXGroup;
			children = (
				1FA48FAA2B0CCFCE00AA0169 /* DeleteImageCollectionsiOS */,
				1FA48FC12B0CCFD000AA0169 /* DeleteImageCollectionsiOSTests */,
				1FA48FCB2B0CCFD000AA0169 /* DeleteImageCollectionsiOSUITests */,
				1FA48FA92B0CCFCE00AA0169 /* Products */,
			);
			sourceTree = "<group>";
		};
		1FA48FA92B0CCFCE00AA0169 /* Products */ = {
			isa = PBXGroup;
			children = (
				1FA48FA82B0CCFCE00AA0169 /* DeleteImageCollectionsiOS.app */,
				1FA48FBE2B0CCFD000AA0169 /* DeleteImageCollectionsiOSTests.xctest */,
				1FA48FC82B0CCFD000AA0169 /* DeleteImageCollectionsiOSUITests.xctest */,
			);
			name = Products;
			sourceTree = "<group>";
		};
		1FA48FAA2B0CCFCE00AA0169 /* DeleteImageCollectionsiOS */ = {
			isa = PBXGroup;
			children = (
				1FA48FDC2B0CD0D100AA0169 /* Models */,
				1FA48FE52B0CD6B100AA0169 /* Protocols */,
				1FA48FDD2B0CD0DD00AA0169 /* ViewModel */,
				1FA48FE22B0CD3AD00AA0169 /* CollectionViewCell */,
				1FA48FAB2B0CCFCE00AA0169 /* AppDelegate.swift */,
				1FA48FAD2B0CCFCE00AA0169 /* SceneDelegate.swift */,
				1FA48FAF2B0CCFCE00AA0169 /* ViewController.swift */,
				1FA48FB62B0CCFD000AA0169 /* LaunchScreen.storyboard */,
				1FA48FB12B0CCFCE00AA0169 /* Main.storyboard */,
				1FA48FB42B0CCFD000AA0169 /* Assets.xcassets */,
				1FA48FB92B0CCFD000AA0169 /* Info.plist */,
			);
			path = DeleteImageCollectionsiOS;
			sourceTree = "<group>";
		};
		1FA48FC12B0CCFD000AA0169 /* DeleteImageCollectionsiOSTests */ = {
			isa = PBXGroup;
			children = (
				1FA48FC22B0CCFD000AA0169 /* DeleteImageCollectionsiOSTests.swift */,
			);
			path = DeleteImageCollectionsiOSTests;
			sourceTree = "<group>";
		};
		1FA48FCB2B0CCFD000AA0169 /* DeleteImageCollectionsiOSUITests */ = {
			isa = PBXGroup;
			children = (
				1FA48FCC2B0CCFD000AA0169 /* DeleteImageCollectionsiOSUITests.swift */,
				1FA48FCE2B0CCFD000AA0169 /* DeleteImageCollectionsiOSUITestsLaunchTests.swift */,
			);
			path = DeleteImageCollectionsiOSUITests;
			sourceTree = "<group>";
		};
		1FA48FDC2B0CD0D100AA0169 /* Models */ = {
			isa = PBXGroup;
			children = (
				1FA48FDE2B0CD0F900AA0169 /* ImageModel.swift */,
			);
			path = Models;
			sourceTree = "<group>";
		};
		1FA48FDD2B0CD0DD00AA0169 /* ViewModel */ = {
			isa = PBXGroup;
			children = (
				1FA48FE02B0CD1A600AA0169 /* ImagesDataResourses.swift */,
			);
			path = ViewModel;
			sourceTree = "<group>";
		};
		1FA48FE22B0CD3AD00AA0169 /* CollectionViewCell */ = {
			isa = PBXGroup;
			children = (
				1FA48FE32B0CD3D600AA0169 /* ImageCollectionViewCell.swift */,
			);
			path = CollectionViewCell;
			sourceTree = "<group>";
		};
		1FA48FE52B0CD6B100AA0169 /* Protocols */ = {
			isa = PBXGroup;
			children = (
				1FA48FE62B0CD6D800AA0169 /* DeleteImageProtocol.swift */,
			);
			path = Protocols;
			sourceTree = "<group>";
		};
/* End PBXGroup section */

/* Begin PBXNativeTarget section */
		1FA48FA72B0CCFCE00AA0169 /* DeleteImageCollectionsiOS */ = {
			isa = PBXNativeTarget;
			buildConfigurationList = 1FA48FD22B0CCFD000AA0169 /* Build configuration list for PBXNativeTarget "DeleteImageCollectionsiOS" */;
			buildPhases = (
				1FA48FA42B0CCFCE00AA0169 /* Sources */,
				1FA48FA52B0CCFCE00AA0169 /* Frameworks */,
				1FA48FA62B0CCFCE00AA0169 /* Resources */,
			);
			buildRules = (
			);
			dependencies = (
			);
			name = DeleteImageCollectionsiOS;
			productName = DeleteImageCollectionsiOS;
			productReference = 1FA48FA82B0CCFCE00AA0169 /* DeleteImageCollectionsiOS.app */;
			productType = "com.apple.product-type.application";
		};
		1FA48FBD2B0CCFD000AA0169 /* DeleteImageCollectionsiOSTests */ = {
			isa = PBXNativeTarget;
			buildConfigurationList = 1FA48FD52B0CCFD000AA0169 /* Build configuration list for PBXNativeTarget "DeleteImageCollectionsiOSTests" */;
			buildPhases = (
				1FA48FBA2B0CCFD000AA0169 /* Sources */,
				1FA48FBB2B0CCFD000AA0169 /* Frameworks */,
				1FA48FBC2B0CCFD000AA0169 /* Resources */,
			);
			buildRules = (
			);
			dependencies = (
				1FA48FC02B0CCFD000AA0169 /* PBXTargetDependency */,
			);
			name = DeleteImageCollectionsiOSTests;
			productName = DeleteImageCollectionsiOSTests;
			productReference = 1FA48FBE2B0CCFD000AA0169 /* DeleteImageCollectionsiOSTests.xctest */;
			productType = "com.apple.product-type.bundle.unit-test";
		};
		1FA48FC72B0CCFD000AA0169 /* DeleteImageCollectionsiOSUITests */ = {
			isa = PBXNativeTarget;
			buildConfigurationList = 1FA48FD82B0CCFD000AA0169 /* Build configuration list for PBXNativeTarget "DeleteImageCollectionsiOSUITests" */;
			buildPhases = (
				1FA48FC42B0CCFD000AA0169 /* Sources */,
				1FA48FC52B0CCFD000AA0169 /* Frameworks */,
				1FA48FC62B0CCFD000AA0169 /* Resources */,
			);
			buildRules = (
			);
			dependencies = (
				1FA48FCA2B0CCFD000AA0169 /* PBXTargetDependency */,
			);
			name = DeleteImageCollectionsiOSUITests;
			productName = DeleteImageCollectionsiOSUITests;
			productReference = 1FA48FC82B0CCFD000AA0169 /* DeleteImageCollectionsiOSUITests.xctest */;
			productType = "com.apple.product-type.bundle.ui-testing";
		};
/* End PBXNativeTarget section */

/* Begin PBXProject section */
		1FA48FA02B0CCFCE00AA0169 /* Project object */ = {
			isa = PBXProject;
			attributes = {
				BuildIndependentTargetsInParallel = 1;
				LastSwiftUpdateCheck = 1320;
				LastUpgradeCheck = 1320;
				TargetAttributes = {
					1FA48FA72B0CCFCE00AA0169 = {
						CreatedOnToolsVersion = 13.2.1;
					};
					1FA48FBD2B0CCFD000AA0169 = {
						CreatedOnToolsVersion = 13.2.1;
						TestTargetID = 1FA48FA72B0CCFCE00AA0169;
					};
					1FA48FC72B0CCFD000AA0169 = {
						CreatedOnToolsVersion = 13.2.1;
						TestTargetID = 1FA48FA72B0CCFCE00AA0169;
					};
				};
			};
			buildConfigurationList = 1FA48FA32B0CCFCE00AA0169 /* Build configuration list for PBXProject "DeleteImageCollectionsiOS" */;
			compatibilityVersion = "Xcode 13.0";
			developmentRegion = en;
			hasScannedForEncodings = 0;
			knownRegions = (
				en,
				Base,
			);
			mainGroup = 1FA48F9F2B0CCFCE00AA0169;
			productRefGroup = 1FA48FA92B0CCFCE00AA0169 /* Products */;
			projectDirPath = "";
			projectRoot = "";
			targets = (
				1FA48FA72B0CCFCE00AA0169 /* DeleteImageCollectionsiOS */,
				1FA48FBD2B0CCFD000AA0169 /* DeleteImageCollectionsiOSTests */,
				1FA48FC72B0CCFD000AA0169 /* DeleteImageCollectionsiOSUITests */,
			);
		};
/* End PBXProject section */

/* Begin PBXResourcesBuildPhase section */
		1FA48FA62B0CCFCE00AA0169 /* Resources */ = {
			isa = PBXResourcesBuildPhase;
			buildActionMask = 2147483647;
			files = (
				1FA48FB82B0CCFD000AA0169 /* LaunchScreen.storyboard in Resources */,
				1FA48FB52B0CCFD000AA0169 /* Assets.xcassets in Resources */,
				1FA48FB32B0CCFCE00AA0169 /* Main.storyboard in Resources */,
			);
			runOnlyForDeploymentPostprocessing = 0;
		};
		1FA48FBC2B0CCFD000AA0169 /* Resources */ = {
			isa = PBXResourcesBuildPhase;
			buildActionMask = 2147483647;
			files = (
			);
			runOnlyForDeploymentPostprocessing = 0;
		};
		1FA48FC62B0CCFD000AA0169 /* Resources */ = {
			isa = PBXResourcesBuildPhase;
			buildActionMask = 2147483647;
			files = (
			);
			runOnlyForDeploymentPostprocessing = 0;
		};
/* End PBXResourcesBuildPhase section */

/* Begin PBXSourcesBuildPhase section */
		1FA48FA42B0CCFCE00AA0169 /* Sources */ = {
			isa = PBXSourcesBuildPhase;
			buildActionMask = 2147483647;
			files = (
				1FA48FE42B0CD3D600AA0169 /* ImageCollectionViewCell.swift in Sources */,
				1FA48FE72B0CD6D800AA0169 /* DeleteImageProtocol.swift in Sources */,
				1FA48FB02B0CCFCE00AA0169 /* ViewController.swift in Sources */,
				1FA48FAC2B0CCFCE00AA0169 /* AppDelegate.swift in Sources */,
				1FA48FAE2B0CCFCE00AA0169 /* SceneDelegate.swift in Sources */,
				1FA48FE12B0CD1A600AA0169 /* ImagesDataResourses.swift in Sources */,
				1FA48FDF2B0CD0F900AA0169 /* ImageModel.swift in Sources */,
			);
			runOnlyForDeploymentPostprocessing = 0;
		};
		1FA48FBA2B0CCFD000AA0169 /* Sources */ = {
			isa = PBXSourcesBuildPhase;
			buildActionMask = 2147483647;
			files = (
				1FA48FC32B0CCFD000AA0169 /* DeleteImageCollectionsiOSTests.swift in Sources */,
			);
			runOnlyForDeploymentPostprocessing = 0;
		};
		1FA48FC42B0CCFD000AA0169 /* Sources */ = {
			isa = PBXSourcesBuildPhase;
			buildActionMask = 2147483647;
			files = (
				1FA48FCD2B0CCFD000AA0169 /* DeleteImageCollectionsiOSUITests.swift in Sources */,
				1FA48FCF2B0CCFD000AA0169 /* DeleteImageCollectionsiOSUITestsLaunchTests.swift in Sources */,
			);
			runOnlyForDeploymentPostprocessing = 0;
		};
/* End PBXSourcesBuildPhase section */

/* Begin PBXTargetDependency section */
		1FA48FC02B0CCFD000AA0169 /* PBXTargetDependency */ = {
			isa = PBXTargetDependency;
			target = 1FA48FA72B0CCFCE00AA0169 /* DeleteImageCollectionsiOS */;
			targetProxy = 1FA48FBF2B0CCFD000AA0169 /* PBXContainerItemProxy */;
		};
		1FA48FCA2B0CCFD000AA0169 /* PBXTargetDependency */ = {
			isa = PBXTargetDependency;
			target = 1FA48FA72B0CCFCE00AA0169 /* DeleteImageCollectionsiOS */;
			targetProxy = 1FA48FC92B0CCFD000AA0169 /* PBXContainerItemProxy */;
		};
/* End PBXTargetDependency section */

/* Begin PBXVariantGroup section */
		1FA48FB12B0CCFCE00AA0169 /* Main.storyboard */ = {
			isa = PBXVariantGroup;
			children = (
				1FA48FB22B0CCFCE00AA0169 /* Base */,
			);
			name = Main.storyboard;
			sourceTree = "<group>";
		};
		1FA48FB62B0CCFD000AA0169 /* LaunchScreen.storyboard */ = {
			isa = PBXVariantGroup;
			children = (
				1FA48FB72B0CCFD000AA0169 /* Base */,
			);
			name = LaunchScreen.storyboard;
			sourceTree = "<group>";
		};
/* End PBXVariantGroup section */

/* Begin XCBuildConfiguration section */
		1FA48FD02B0CCFD000AA0169 /* Debug */ = {
			isa = XCBuildConfiguration;
			buildSettings = {
				ALWAYS_SEARCH_USER_PATHS = NO;
				CLANG_ANALYZER_NONNULL = YES;
				CLANG_ANALYZER_NUMBER_OBJECT_CONVERSION = YES_AGGRESSIVE;
				CLANG_CXX_LANGUAGE_STANDARD = "gnu++17";
				CLANG_CXX_LIBRARY = "libc++";
				CLANG_ENABLE_MODULES = YES;
				CLANG_ENABLE_OBJC_ARC = YES;
				CLANG_ENABLE_OBJC_WEAK = YES;
				CLANG_WARN_BLOCK_CAPTURE_AUTORELEASING = YES;
				CLANG_WARN_BOOL_CONVERSION = YES;
				CLANG_WARN_COMMA = YES;
				CLANG_WARN_CONSTANT_CONVERSION = YES;
				CLANG_WARN_DEPRECATED_OBJC_IMPLEMENTATIONS = YES;
				CLANG_WARN_DIRECT_OBJC_ISA_USAGE = YES_ERROR;
				CLANG_WARN_DOCUMENTATION_COMMENTS = YES;
				CLANG_WARN_EMPTY_BODY = YES;
				CLANG_WARN_ENUM_CONVERSION = YES;
				CLANG_WARN_INFINITE_RECURSION = YES;
				CLANG_WARN_INT_CONVERSION = YES;
				CLANG_WARN_NON_LITERAL_NULL_CONVERSION = YES;
				CLANG_WARN_OBJC_IMPLICIT_RETAIN_SELF = YES;
				CLANG_WARN_OBJC_LITERAL_CONVERSION = YES;
				CLANG_WARN_OBJC_ROOT_CLASS = YES_ERROR;
				CLANG_WARN_QUOTED_INCLUDE_IN_FRAMEWORK_HEADER = YES;
				CLANG_WARN_RANGE_LOOP_ANALYSIS = YES;
				CLANG_WARN_STRICT_PROTOTYPES = YES;
				CLANG_WARN_SUSPICIOUS_MOVE = YES;
				CLANG_WARN_UNGUARDED_AVAILABILITY = YES_AGGRESSIVE;
				CLANG_WARN_UNREACHABLE_CODE = YES;
				CLANG_WARN__DUPLICATE_METHOD_MATCH = YES;
				COPY_PHASE_STRIP = NO;
				DEBUG_INFORMATION_FORMAT = dwarf;
				ENABLE_STRICT_OBJC_MSGSEND = YES;
				ENABLE_TESTABILITY = YES;
				GCC_C_LANGUAGE_STANDARD = gnu11;
				GCC_DYNAMIC_NO_PIC = NO;
				GCC_NO_COMMON_BLOCKS = YES;
				GCC_OPTIMIZATION_LEVEL = 0;
				GCC_PREPROCESSOR_DEFINITIONS = (
					"DEBUG=1",
					"$(inherited)",
				);
				GCC_WARN_64_TO_32_BIT_CONVERSION = YES;
				GCC_WARN_ABOUT_RETURN_TYPE = YES_ERROR;
				GCC_WARN_UNDECLARED_SELECTOR = YES;
				GCC_WARN_UNINITIALIZED_AUTOS = YES_AGGRESSIVE;
				GCC_WARN_UNUSED_FUNCTION = YES;
				GCC_WARN_UNUSED_VARIABLE = YES;
				IPHONEOS_DEPLOYMENT_TARGET = 15.2;
				MTL_ENABLE_DEBUG_INFO = INCLUDE_SOURCE;
				MTL_FAST_MATH = YES;
				ONLY_ACTIVE_ARCH = YES;
				SDKROOT = iphoneos;
				SWIFT_ACTIVE_COMPILATION_CONDITIONS = DEBUG;
				SWIFT_OPTIMIZATION_LEVEL = "-Onone";
			};
			name = Debug;
		};
		1FA48FD12B0CCFD000AA0169 /* Release */ = {
			isa = XCBuildConfiguration;
			buildSettings = {
				ALWAYS_SEARCH_USER_PATHS = NO;
				CLANG_ANALYZER_NONNULL = YES;
				CLANG_ANALYZER_NUMBER_OBJECT_CONVERSION = YES_AGGRESSIVE;
				CLANG_CXX_LANGUAGE_STANDARD = "gnu++17";
				CLANG_CXX_LIBRARY = "libc++";
				CLANG_ENABLE_MODULES = YES;
				CLANG_ENABLE_OBJC_ARC = YES;
				CLANG_ENABLE_OBJC_WEAK = YES;
				CLANG_WARN_BLOCK_CAPTURE_AUTORELEASING = YES;
				CLANG_WARN_BOOL_CONVERSION = YES;
				CLANG_WARN_COMMA = YES;
				CLANG_WARN_CONSTANT_CONVERSION = YES;
				CLANG_WARN_DEPRECATED_OBJC_IMPLEMENTATIONS = YES;
				CLANG_WARN_DIRECT_OBJC_ISA_USAGE = YES_ERROR;
				CLANG_WARN_DOCUMENTATION_COMMENTS = YES;
				CLANG_WARN_EMPTY_BODY = YES;
				CLANG_WARN_ENUM_CONVERSION = YES;
				CLANG_WARN_INFINITE_RECURSION = YES;
				CLANG_WARN_INT_CONVERSION = YES;
				CLANG_WARN_NON_LITERAL_NULL_CONVERSION = YES;
				CLANG_WARN_OBJC_IMPLICIT_RETAIN_SELF = YES;
				CLANG_WARN_OBJC_LITERAL_CONVERSION = YES;
				CLANG_WARN_OBJC_ROOT_CLASS = YES_ERROR;
				CLANG_WARN_QUOTED_INCLUDE_IN_FRAMEWORK_HEADER = YES;
				CLANG_WARN_RANGE_LOOP_ANALYSIS = YES;
				CLANG_WARN_STRICT_PROTOTYPES = YES;
				CLANG_WARN_SUSPICIOUS_MOVE = YES;
				CLANG_WARN_UNGUARDED_AVAILABILITY = YES_AGGRESSIVE;
				CLANG_WARN_UNREACHABLE_CODE = YES;
				CLANG_WARN__DUPLICATE_METHOD_MATCH = YES;
				COPY_PHASE_STRIP = NO;
				DEBUG_INFORMATION_FORMAT = "dwarf-with-dsym";
				ENABLE_NS_ASSERTIONS = NO;
				ENABLE_STRICT_OBJC_MSGSEND = YES;
				GCC_C_LANGUAGE_STANDARD = gnu11;
				GCC_NO_COMMON_BLOCKS = YES;
				GCC_WARN_64_TO_32_BIT_CONVERSION = YES;
				GCC_WARN_ABOUT_RETURN_TYPE = YES_ERROR;
				GCC_WARN_UNDECLARED_SELECTOR = YES;
				GCC_WARN_UNINITIALIZED_AUTOS = YES_AGGRESSIVE;
				GCC_WARN_UNUSED_FUNCTION = YES;
				GCC_WARN_UNUSED_VARIABLE = YES;
				IPHONEOS_DEPLOYMENT_TARGET = 15.2;
				MTL_ENABLE_DEBUG_INFO = NO;
				MTL_FAST_MATH = YES;
				SDKROOT = iphoneos;
				SWIFT_COMPILATION_MODE = wholemodule;
				SWIFT_OPTIMIZATION_LEVEL = "-O";
				VALIDATE_PRODUCT = YES;
			};
			name = Release;
		};
		1FA48FD32B0CCFD000AA0169 /* Debug */ = {
			isa = XCBuildConfiguration;
			buildSettings = {
				ASSETCATALOG_COMPILER_APPICON_NAME = AppIcon;
				ASSETCATALOG_COMPILER_GLOBAL_ACCENT_COLOR_NAME = AccentColor;
				CODE_SIGN_STYLE = Automatic;
				CURRENT_PROJECT_VERSION = 1;
				GENERATE_INFOPLIST_FILE = YES;
				INFOPLIST_FILE = DeleteImageCollectionsiOS/Info.plist;
				INFOPLIST_KEY_UIApplicationSupportsIndirectInputEvents = YES;
				INFOPLIST_KEY_UILaunchStoryboardName = LaunchScreen;
				INFOPLIST_KEY_UIMainStoryboardFile = Main;
				INFOPLIST_KEY_UISupportedInterfaceOrientations_iPad = "UIInterfaceOrientationPortrait UIInterfaceOrientationPortraitUpsideDown UIInterfaceOrientationLandscapeLeft UIInterfaceOrientationLandscapeRight";
				INFOPLIST_KEY_UISupportedInterfaceOrientations_iPhone = "UIInterfaceOrientationPortrait UIInterfaceOrientationLandscapeLeft UIInterfaceOrientationLandscapeRight";
				LD_RUNPATH_SEARCH_PATHS = (
					"$(inherited)",
					"@executable_path/Frameworks",
				);
				MARKETING_VERSION = 1.0;
				PRODUCT_BUNDLE_IDENTIFIER = com.neotech.DeleteImageCollectionsiOS;
				PRODUCT_NAME = "$(TARGET_NAME)";
				SWIFT_EMIT_LOC_STRINGS = YES;
				SWIFT_VERSION = 5.0;
				TARGETED_DEVICE_FAMILY = "1,2";
			};
			name = Debug;
		};
		1FA48FD42B0CCFD000AA0169 /* Release */ = {
			isa = XCBuildConfiguration;
			buildSettings = {
				ASSETCATALOG_COMPILER_APPICON_NAME = AppIcon;
				ASSETCATALOG_COMPILER_GLOBAL_ACCENT_COLOR_NAME = AccentColor;
				CODE_SIGN_STYLE = Automatic;
				CURRENT_PROJECT_VERSION = 1;
				GENERATE_INFOPLIST_FILE = YES;
				INFOPLIST_FILE = DeleteImageCollectionsiOS/Info.plist;
				INFOPLIST_KEY_UIApplicationSupportsIndirectInputEvents = YES;
				INFOPLIST_KEY_UILaunchStoryboardName = LaunchScreen;
				INFOPLIST_KEY_UIMainStoryboardFile = Main;
				INFOPLIST_KEY_UISupportedInterfaceOrientations_iPad = "UIInterfaceOrientationPortrait UIInterfaceOrientationPortraitUpsideDown UIInterfaceOrientationLandscapeLeft UIInterfaceOrientationLandscapeRight";
				INFOPLIST_KEY_UISupportedInterfaceOrientations_iPhone = "UIInterfaceOrientationPortrait UIInterfaceOrientationLandscapeLeft UIInterfaceOrientationLandscapeRight";
				LD_RUNPATH_SEARCH_PATHS = (
					"$(inherited)",
					"@executable_path/Frameworks",
				);
				MARKETING_VERSION = 1.0;
				PRODUCT_BUNDLE_IDENTIFIER = com.neotech.DeleteImageCollectionsiOS;
				PRODUCT_NAME = "$(TARGET_NAME)";
				SWIFT_EMIT_LOC_STRINGS = YES;
				SWIFT_VERSION = 5.0;
				TARGETED_DEVICE_FAMILY = "1,2";
			};
			name = Release;
		};
		1FA48FD62B0CCFD000AA0169 /* Debug */ = {
			isa = XCBuildConfiguration;
			buildSettings = {
				ALWAYS_EMBED_SWIFT_STANDARD_LIBRARIES = YES;
				BUNDLE_LOADER = "$(TEST_HOST)";
				CODE_SIGN_STYLE = Automatic;
				CURRENT_PROJECT_VERSION = 1;
				GENERATE_INFOPLIST_FILE = YES;
				IPHONEOS_DEPLOYMENT_TARGET = 15.2;
				MARKETING_VERSION = 1.0;
				PRODUCT_BUNDLE_IDENTIFIER = com.neotech.DeleteImageCollectionsiOSTests;
				PRODUCT_NAME = "$(TARGET_NAME)";
				SWIFT_EMIT_LOC_STRINGS = NO;
				SWIFT_VERSION = 5.0;
				TARGETED_DEVICE_FAMILY = "1,2";
				TEST_HOST = "$(BUILT_PRODUCTS_DIR)/DeleteImageCollectionsiOS.app/DeleteImageCollectionsiOS";
			};
			name = Debug;
		};
		1FA48FD72B0CCFD000AA0169 /* Release */ = {
			isa = XCBuildConfiguration;
			buildSettings = {
				ALWAYS_EMBED_SWIFT_STANDARD_LIBRARIES = YES;
				BUNDLE_LOADER = "$(TEST_HOST)";
				CODE_SIGN_STYLE = Automatic;
				CURRENT_PROJECT_VERSION = 1;
				GENERATE_INFOPLIST_FILE = YES;
				IPHONEOS_DEPLOYMENT_TARGET = 15.2;
				MARKETING_VERSION = 1.0;
				PRODUCT_BUNDLE_IDENTIFIER = com.neotech.DeleteImageCollectionsiOSTests;
				PRODUCT_NAME = "$(TARGET_NAME)";
				SWIFT_EMIT_LOC_STRINGS = NO;
				SWIFT_VERSION = 5.0;
				TARGETED_DEVICE_FAMILY = "1,2";
				TEST_HOST = "$(BUILT_PRODUCTS_DIR)/DeleteImageCollectionsiOS.app/DeleteImageCollectionsiOS";
			};
			name = Release;
		};
		1FA48FD92B0CCFD000AA0169 /* Debug */ = {
			isa = XCBuildConfiguration;
			buildSettings = {
				ALWAYS_EMBED_SWIFT_STANDARD_LIBRARIES = YES;
				CODE_SIGN_STYLE = Automatic;
				CURRENT_PROJECT_VERSION = 1;
				GENERATE_INFOPLIST_FILE = YES;
				MARKETING_VERSION = 1.0;
				PRODUCT_BUNDLE_IDENTIFIER = com.neotech.DeleteImageCollectionsiOSUITests;
				PRODUCT_NAME = "$(TARGET_NAME)";
				SWIFT_EMIT_LOC_STRINGS = NO;
				SWIFT_VERSION = 5.0;
				TARGETED_DEVICE_FAMILY = "1,2";
				TEST_TARGET_NAME = DeleteImageCollectionsiOS;
			};
			name = Debug;
		};
		1FA48FDA2B0CCFD000AA0169 /* Release */ = {
			isa = XCBuildConfiguration;
			buildSettings = {
				ALWAYS_EMBED_SWIFT_STANDARD_LIBRARIES = YES;
				CODE_SIGN_STYLE = Automatic;
				CURRENT_PROJECT_VERSION = 1;
				GENERATE_INFOPLIST_FILE = YES;
				MARKETING_VERSION = 1.0;
				PRODUCT_BUNDLE_IDENTIFIER = com.neotech.DeleteImageCollectionsiOSUITests;
				PRODUCT_NAME = "$(TARGET_NAME)";
				SWIFT_EMIT_LOC_STRINGS = NO;
				SWIFT_VERSION = 5.0;
				TARGETED_DEVICE_FAMILY = "1,2";
				TEST_TARGET_NAME = DeleteImageCollectionsiOS;
			};
			name = Release;
		};
/* End XCBuildConfiguration section */

/* Begin XCConfigurationList section */
		1FA48FA32B0CCFCE00AA0169 /* Build configuration list for PBXProject "DeleteImageCollectionsiOS" */ = {
			isa = XCConfigurationList;
			buildConfigurations = (
				1FA48FD02B0CCFD000AA0169 /* Debug */,
				1FA48FD12B0CCFD000AA0169 /* Release */,
			);
			defaultConfigurationIsVisible = 0;
			defaultConfigurationName = Release;
		};
		1FA48FD22B0CCFD000AA0169 /* Build configuration list for PBXNativeTarget "DeleteImageCollectionsiOS" */ = {
			isa = XCConfigurationList;
			buildConfigurations = (
				1FA48FD32B0CCFD000AA0169 /* Debug */,
				1FA48FD42B0CCFD000AA0169 /* Release */,
			);
			defaultConfigurationIsVisible = 0;
			defaultConfigurationName = Release;
		};
		1FA48FD52B0CCFD000AA0169 /* Build configuration list for PBXNativeTarget "DeleteImageCollectionsiOSTests" */ = {
			isa = XCConfigurationList;
			buildConfigurations = (
				1FA48FD62B0CCFD000AA0169 /* Debug */,
				1FA48FD72B0CCFD000AA0169 /* Release */,
			);
			defaultConfigurationIsVisible = 0;
			defaultConfigurationName = Release;
		};
		1FA48FD82B0CCFD000AA0169 /* Build configuration list for PBXNativeTarget "DeleteImageCollectionsiOSUITests" */ = {
			isa = XCConfigurationList;
			buildConfigurations = (
				1FA48FD92B0CCFD000AA0169 /* Debug */,
				1FA48FDA2B0CCFD000AA0169 /* Release */,
			);
			defaultConfigurationIsVisible = 0;
			defaultConfigurationName = Release;
		};
/* End XCConfigurationList section */
	};
	rootObject = 1FA48FA02B0CCFCE00AA0169 /* Project object */;
}
